
Microsoft Visual Studio Solution File, Format Version 12.00
# Visual Studio 15
VisualStudioVersion = 15.0.27004.2005
MinimumVisualStudioVersion = 10.0.40219.1
Project("{8BC9CEB8-8B4A-11D0-8D11-00A0C91BC942}") = "Protocoletariat", "Protocoletariat\Protocoletariat.vcxproj", "{30442996-D8A8-4417-8C80-78F5900B7375}"
EndProject
Global
	GlobalSection(SolutionConfigurationPlatforms) = preSolution
		Debug|x64 = Debug|x64
		Debug|x86 = Debug|x86
		Release|x64 = Release|x64
		Release|x86 = Release|x86
	EndGlobalSection
	GlobalSection(ProjectConfigurationPlatforms) = postSolution
		{30442996-D8A8-4417-8C80-78F5900B7375}.Debug|x64.ActiveCfg = Debug|x64
		{30442996-D8A8-4417-8C80-78F5900B7375}.Debug|x64.Build.0 = Debug|x64
		{30442996-D8A8-4417-8C80-78F5900B7375}.Debug|x86.ActiveCfg = Debug|Win32
		{30442996-D8A8-4417-8C80-78F5900B7375}.Debug|x86.Build.0 = Debug|Win32
		{30442996-D8A8-4417-8C80-78F5900B7375}.Release|x64.ActiveCfg = Release|x64
		{30442996-D8A8-4417-8C80-78F5900B7375}.Release|x64.Build.0 = Release|x64
		{30442996-D8A8-4417-8C80-78F5900B7375}.Release|x86.ActiveCfg = Release|Win32
		{30442996-D8A8-4417-8C80-78F5900B7375}.Release|x86.Build.0 = Release|Win32
	EndGlobalSection
	GlobalSection(SolutionProperties) = preSolution
		HideSolutionNode = FALSE
	EndGlobalSection
	GlobalSection(ExtensibilityGlobals) = postSolution
		SolutionGuid = {D15293E4-E77D-4BF5-B249-C6B461868178}
	EndGlobalSection
EndGlobal
